
Microsoft Visual Studio Solution File, Format Version 12.00
# Visual Studio 15
VisualStudioVersion = 15.0.27428.2027
MinimumVisualStudioVersion = 10.0.40219.1
Project("{FAE04EC0-301F-11D3-BF4B-00C04F79EFBC}") = "TimeTracker", "TimeTracker.csproj", "{5E7AA9DD-BFB7-4C00-9379-4B324A567579}"
EndProject
Global
	GlobalSection(SolutionConfigurationPlatforms) = preSolution
		Debug|Any CPU = Debug|Any CPU
		Release|Any CPU = Release|Any CPU
	EndGlobalSection
	GlobalSection(ProjectConfigurationPlatforms) = postSolution
		{5E7AA9DD-BFB7-4C00-9379-4B324A567579}.Debug|Any CPU.ActiveCfg = Debug|Any CPU
		{5E7AA9DD-BFB7-4C00-9379-4B324A567579}.Debug|Any CPU.Build.0 = Debug|Any CPU
		{5E7AA9DD-BFB7-4C00-9379-4B324A567579}.Release|Any CPU.ActiveCfg = Release|Any CPU
		{5E7AA9DD-BFB7-4C00-9379-4B324A567579}.Release|Any CPU.Build.0 = Release|Any CPU
	EndGlobalSection
	GlobalSection(SolutionProperties) = preSolution
		HideSolutionNode = FALSE
	EndGlobalSection
	GlobalSection(ExtensibilityGlobals) = postSolution
		SolutionGuid = {DAE7B296-F210-4CCC-A070-FEFE3323DCDE}
	EndGlobalSection
EndGlobal
